version = 1
revision = 2
requires-python = ">=3.11"

[[package]]
name = "eval-runner"
version = "0.1.0"
source = { editable = "." }
dependencies = [
    { name = "pycocotools" },
]

[package.metadata]
requires-dist = [{ name = "pycocotools", specifier = ">=2.0.11" }]

[[package]]
name = "numpy"
version = "2.4.3"
source = { registry = "https://pypi.org/simple" }
sdist = { url = "https://files.pythonhosted.org/packages/10/8b/c265f4823726ab832de836cdd184d0986dcf94480f81e8739692a7ac7af2/numpy-2.4.3.tar.gz", hash = "sha256:483a201202b73495f00dbc83796c6ae63137a9bdade074f7648b3e32613412dd", size = 20727743, upload-time = "2026-03-09T07:58:53.426Z" }
wheels = [
    { url = "https://files.pythonhosted.org/packages/f9/51/5093a2df15c4dc19da3f79d1021e891f5dcf1d9d1db6ba38891d5590f3fe/numpy-2.4.3-cp311-cp311-macosx_10_9_x86_64.whl", hash = "sha256:33b3bf58ee84b172c067f56aeadc7ee9ab6de69c5e800ab5b10295d54c581adb", size = 16957183, upload-time = "2026-03-09T07:55:57.774Z" },
    { url = "https://files.pythonhosted.org/packages/b5/7c/c061f3de0630941073d2598dc271ac2f6cbcf5c83c74a5870fea07488333/numpy-2.4.3-cp311-cp311-macosx_11_0_arm64.whl", hash = "sha256:8ba7b51e71c05aa1f9bc3641463cd82308eab40ce0d5c7e1fd4038cbf9938147", size = 14968734, upload-time = "2026-03-09T07:56:00.494Z" },
    { url = "https://files.pythonhosted.org/packages/ef/27/d26c85cbcd86b26e4f125b0668e7a7c0542d19dd7d23ee12e87b550e95b5/numpy-2.4.3-cp311-cp311-macosx_14_0_arm64.whl", hash = "sha256:a1988292870c7cb9d0ebb4cc96b4d447513a9644801de54606dc7aabf2b7d920", size = 5475288, upload-time = "2026-03-09T07:56:02.857Z" },
    { url = "https://files.pythonhosted.org/packages/2b/09/3c4abbc1dcd8010bf1a611d174c7aa689fc505585ec806111b4406f6f1b1/numpy-2.4.3-cp311-cp311-macosx_14_0_x86_64.whl", hash = "sha256:23b46bb6d8ecb68b58c09944483c135ae5f0e9b8d8858ece5e4ead783771d2a9", size = 6805253, upload-time = "2026-03-09T07:56:04.53Z" },
    { url = "https://files.pythonhosted.org/packages/21/bc/e7aa3f6817e40c3f517d407742337cbb8e6fc4b83ce0b55ab780c829243b/numpy-2.4.3-cp311-cp311-manylinux_2_27_aarch64.manylinux_2_28_aarch64.whl", hash = "sha256:a016db5c5dba78fa8fe9f5d80d6708f9c42ab087a739803c0ac83a43d686a470", size = 15969479, upload-time = "2026-03-09T07:56:06.638Z" },
    { url = "https://files.pythonhosted.org/packages/78/51/9f5d7a41f0b51649ddf2f2320595e15e122a40610b233d51928dd6c92353/numpy-2.4.3-cp311-cp311-manylinux_2_27_x86_64.manylinux_2_28_x86_64.whl", hash = "sha256:715de7f82e192e8cae5a507a347d97ad17598f8e026152ca97233e3666daaa71", size = 16901035, upload-time = "2026-03-09T07:56:09.405Z" },
    { url = "https://files.pythonhosted.org/packages/64/6e/b221dd847d7181bc5ee4857bfb026182ef69499f9305eb1371cbb1aea626/numpy-2.4.3-cp311-cp311-musllinux_1_2_aarch64.whl", hash = "sha256:2ddb7919366ee468342b91dea2352824c25b55814a987847b6c52003a7c97f15", size = 17325657, upload-time = "2026-03-09T07:56:12.067Z" },
    { url = "https://files.pythonhosted.org/packages/eb/b8/8f3fd2da596e1063964b758b5e3c970aed1949a05200d7e3d46a9d46d643/numpy-2.4.3-cp311-cp311-musllinux_1_2_x86_64.whl", hash = "sha256:a315e5234d88067f2d97e1f2ef670a7569df445d55400f1e33d117418d008d52", size = 18635512, upload-time = "2026-03-09T07:56:14.629Z" },
    { url = "https://files.pythonhosted.org/packages/5c/24/2993b775c37e39d2f8ab4125b44337ab0b2ba106c100980b7c274a22bee7/numpy-2.4.3-cp311-cp311-win32.whl", hash = "sha256:2b3f8d2c4589b1a2028d2a770b0fc4d1f332fb5e01521f4de3199a896d158ddd", size = 6238100, upload-time = "2026-03-09T07:56:17.243Z" },
    { url = "https://files.pythonhosted.org/packages/76/1d/edccf27adedb754db7c4511d5eac8b83f004ae948fe2d3509e8b78097d4c/numpy-2.4.3-cp311-cp311-win_amd64.whl", hash = "sha256:77e76d932c49a75617c6d13464e41203cd410956614d0a0e999b25e9e8d27eec", size = 12609816, upload-time = "2026-03-09T07:56:19.089Z" },
    { url = "https://files.pythonhosted.org/packages/92/82/190b99153480076c8dce85f4cfe7d53ea84444145ffa54cb58dcd460d66b/numpy-2.4.3-cp311-cp311-win_arm64.whl", hash = "sha256:eb610595dd91560905c132c709412b512135a60f1851ccbd2c959e136431ff67", size = 10485757, upload-time = "2026-03-09T07:56:21.753Z" },
    { url = "https://files.pythonhosted.org/packages/a9/ed/6388632536f9788cea23a3a1b629f25b43eaacd7d7377e5d6bc7b9deb69b/numpy-2.4.3-cp312-cp312-macosx_10_13_x86_64.whl", hash = "sha256:61b0cbabbb6126c8df63b9a3a0c4b1f44ebca5e12ff6997b80fcf267fb3150ef", size = 16669628, upload-time = "2026-03-09T07:56:24.252Z" },
    { url = "https://files.pythonhosted.org/packages/74/1b/ee2abfc68e1ce728b2958b6ba831d65c62e1b13ce3017c13943f8f9b5b2e/numpy-2.4.3-cp312-cp312-macosx_11_0_arm64.whl", hash = "sha256:7395e69ff32526710748f92cd8c9849b361830968ea3e24a676f272653e8983e", size = 14696872, upload-time = "2026-03-09T07:56:26.991Z" },
    { url = "https://files.pythonhosted.org/packages/ba/d1/780400e915ff5638166f11ca9dc2c5815189f3d7cf6f8759a1685e586413/numpy-2.4.3-cp312-cp312-macosx_14_0_arm64.whl", hash = "sha256:abdce0f71dcb4a00e4e77f3faf05e4616ceccfe72ccaa07f47ee79cda3b7b0f4", size = 5203489, upload-time = "2026-03-09T07:56:29.414Z" },
    { url = "https://files.pythonhosted.org/packages/0b/bb/baffa907e9da4cc34a6e556d6d90e032f6d7a75ea47968ea92b4858826c4/numpy-2.4.3-cp312-cp312-macosx_14_0_x86_64.whl", hash = "sha256:48da3a4ee1336454b07497ff7ec83903efa5505792c4e6d9bf83d99dc07a1e18", size = 6550814, upload-time = "2026-03-09T07:56:32.225Z" },
    { url = "https://files.pythonhosted.org/packages/7b/12/8c9f0c6c95f76aeb20fc4a699c33e9f827fa0d0f857747c73bb7b17af945/numpy-2.4.3-cp312-cp312-manylinux_2_27_aarch64.manylinux_2_28_aarch64.whl", hash = "sha256:32e3bef222ad6b052280311d1d60db8e259e4947052c3ae7dd6817451fc8a4c5", size = 15666601, upload-time = "2026-03-09T07:56:34.461Z" },
    { url = "https://files.pythonhosted.org/packages/bd/79/cc665495e4d57d0aa6fbcc0aa57aa82671dfc78fbf95fe733ed86d98f52a/numpy-2.4.3-cp312-cp312-manylinux_2_27_x86_64.manylinux_2_28_x86_64.whl", hash = "sha256:e7dd01a46700b1967487141a66ac1a3cf0dd8ebf1f08db37d46389401512ca97", size = 16621358, upload-time = "2026-03-09T07:56:36.852Z" },
    { url = "https://files.pythonhosted.org/packages/a8/40/b4ecb7224af1065c3539f5ecfff879d090de09608ad1008f02c05c770cb3/numpy-2.4.3-cp312-cp312-musllinux_1_2_aarch64.whl", hash = "sha256:76f0f283506c28b12bba319c0fab98217e9f9b54e6160e9c79e9f7348ba32e9c", size = 17016135, upload-time = "2026-03-09T07:56:39.337Z" },
    { url = "https://files.pythonhosted.org/packages/f7/b1/6a88e888052eed951afed7a142dcdf3b149a030ca59b4c71eef085858e43/numpy-2.4.3-cp312-cp312-musllinux_1_2_x86_64.whl", hash = "sha256:737f630a337364665aba3b5a77e56a68cc42d350edd010c345d65a3efa3addcc", size = 18345816, upload-time = "2026-03-09T07:56:42.31Z" },
    { url = "https://files.pythonhosted.org/packages/f3/8f/103a60c5f8c3d7fc678c19cd7b2476110da689ccb80bc18050efbaeae183/numpy-2.4.3-cp312-cp312-win32.whl", hash = "sha256:26952e18d82a1dbbc2f008d402021baa8d6fc8e84347a2072a25e08b46d698b9", size = 5960132, upload-time = "2026-03-09T07:56:44.851Z" },
    { url = "https://files.pythonhosted.org/packages/d7/7c/f5ee1bf6ed888494978046a809df2882aad35d414b622893322df7286879/numpy-2.4.3-cp312-cp312-win_amd64.whl", hash = "sha256:65f3c2455188f09678355f5cae1f959a06b778bc66d535da07bf2ef20cd319d5", size = 12316144, upload-time = "2026-03-09T07:56:47.057Z" },
    { url = "https://files.pythonhosted.org/packages/71/46/8d1cb3f7a00f2fb6394140e7e6623696e54c6318a9d9691bb4904672cf42/numpy-2.4.3-cp312-cp312-win_arm64.whl", hash = "sha256:2abad5c7fef172b3377502bde47892439bae394a71bc329f31df0fd829b41a9e", size = 10220364, upload-time = "2026-03-09T07:56:49.849Z" },
    { url = "https://files.pythonhosted.org/packages/b6/d0/1fe47a98ce0df229238b77611340aff92d52691bcbc10583303181abf7fc/numpy-2.4.3-cp313-cp313-macosx_10_13_x86_64.whl", hash = "sha256:b346845443716c8e542d54112966383b448f4a3ba5c66409771b8c0889485dd3", size = 16665297, upload-time = "2026-03-09T07:56:52.296Z" },
    { url = "https://files.pythonhosted.org/packages/27/d9/4e7c3f0e68dfa91f21c6fb6cf839bc829ec920688b1ce7ec722b1a6202fb/numpy-2.4.3-cp313-cp313-macosx_11_0_arm64.whl", hash = "sha256:2629289168f4897a3c4e23dc98d6f1731f0fc0fe52fb9db19f974041e4cc12b9", size = 14691853, upload-time = "2026-03-09T07:56:54.992Z" },
    { url = "https://files.pythonhosted.org/packages/3a/66/bd096b13a87549683812b53ab211e6d413497f84e794fb3c39191948da97/numpy-2.4.3-cp313-cp313-macosx_14_0_arm64.whl", hash = "sha256:bb2e3cf95854233799013779216c57e153c1ee67a0bf92138acca0e429aefaee", size = 5198435, upload-time = "2026-03-09T07:56:57.184Z" },
    { url = "https://files.pythonhosted.org/packages/a2/2f/687722910b5a5601de2135c891108f51dfc873d8e43c8ed9f4ebb440b4a2/numpy-2.4.3-cp313-cp313-macosx_14_0_x86_64.whl", hash = "sha256:7f3408ff897f8ab07a07fbe2823d7aee6ff644c097cc1f90382511fe982f647f", size = 6546347, upload-time = "2026-03-09T07:56:59.531Z" },
    { url = "https://files.pythonhosted.org/packages/bf/ec/7971c4e98d86c564750393fab8d7d83d0a9432a9d78bb8a163a6dc59967a/numpy-2.4.3-cp313-cp313-manylinux_2_27_aarch64.manylinux_2_28_aarch64.whl", hash = "sha256:decb0eb8a53c3b009b0962378065589685d66b23467ef5dac16cbe818afde27f", size = 15664626, upload-time = "2026-03-09T07:57:01.385Z" },
    { url = "https://files.pythonhosted.org/packages/7e/eb/7daecbea84ec935b7fc732e18f532073064a3816f0932a40a17f3349185f/numpy-2.4.3-cp313-cp313-manylinux_2_27_x86_64.manylinux_2_28_x86_64.whl", hash = "sha256:d5f51900414fc9204a0e0da158ba2ac52b75656e7dce7e77fb9f84bfa343b4cc", size = 16608916, upload-time = "2026-03-09T07:57:04.008Z" },
    { url = "https://files.pythonhosted.org/packages/df/58/2a2b4a817ffd7472dca4421d9f0776898b364154e30c95f42195041dc03b/numpy-2.4.3-cp313-cp313-musllinux_1_2_aarch64.whl", hash = "sha256:6bd06731541f89cdc01b261ba2c9e037f1543df7472517836b78dfb15bd6e476", size = 17015824, upload-time = "2026-03-09T07:57:06.347Z" },
    { url = "https://files.pythonhosted.org/packages/4a/ca/627a828d44e78a418c55f82dd4caea8ea4a8ef24e5144d9e71016e52fb40/numpy-2.4.3-cp313-cp313-musllinux_1_2_x86_64.whl", hash = "sha256:22654fe6be0e5206f553a9250762c653d3698e46686eee53b399ab90da59bd92", size = 18334581, upload-time = "2026-03-09T07:57:09.114Z" },
    { url = "https://files.pythonhosted.org/packages/cd/c0/76f93962fc79955fcba30a429b62304332345f22d4daec1cb33653425643/numpy-2.4.3-cp313-cp313-win32.whl", hash = "sha256:d71e379452a2f670ccb689ec801b1218cd3983e253105d6e83780967e899d687", size = 5958618, upload-time = "2026-03-09T07:57:11.432Z" },
    { url = "https://files.pythonhosted.org/packages/b1/3c/88af0040119209b9b5cb59485fa48b76f372c73068dbf9254784b975ac53/numpy-2.4.3-cp313-cp313-win_amd64.whl", hash = "sha256:0a60e17a14d640f49146cb38e3f105f571318db7826d9b6fef7e4dce758faecd", size = 12312824, upload-time = "2026-03-09T07:57:13.586Z" },
    { url = "https://files.pythonhosted.org/packages/58/ce/3d07743aced3d173f877c3ef6a454c2174ba42b584ab0b7e6d99374f51ed/numpy-2.4.3-cp313-cp313-win_arm64.whl", hash = "sha256:c9619741e9da2059cd9c3f206110b97583c7152c1dc9f8aafd4beb450ac1c89d", size = 10221218, upload-time = "2026-03-09T07:57:16.183Z" },
    { url = "https://files.pythonhosted.org/packages/62/09/d96b02a91d09e9d97862f4fc8bfebf5400f567d8eb1fe4b0cc4795679c15/numpy-2.4.3-cp313-cp313t-macosx_11_0_arm64.whl", hash = "sha256:7aa4e54f6469300ebca1d9eb80acd5253cdfa36f2c03d79a35883687da430875", size = 14819570, upload-time = "2026-03-09T07:57:18.564Z" },
    { url = "https://files.pythonhosted.org/packages/b5/ca/0b1aba3905fdfa3373d523b2b15b19029f4f3031c87f4066bd9d20ef6c6b/numpy-2.4.3-cp313-cp313t-macosx_14_0_arm64.whl", hash = "sha256:d1b90d840b25874cf5cd20c219af10bac3667db3876d9a495609273ebe679070", size = 5326113, upload-time = "2026-03-09T07:57:21.052Z" },
    { url = "https://files.pythonhosted.org/packages/c0/63/406e0fd32fcaeb94180fd6a4c41e55736d676c54346b7efbce548b94a914/numpy-2.4.3-cp313-cp313t-macosx_14_0_x86_64.whl", hash = "sha256:a749547700de0a20a6718293396ec237bb38218049cfce788e08fcb716e8cf73", size = 6646370, upload-time = "2026-03-09T07:57:22.804Z" },
    { url = "https://files.pythonhosted.org/packages/b6/d0/10f7dc157d4b37af92720a196be6f54f889e90dcd30dce9dc657ed92c257/numpy-2.4.3-cp313-cp313t-manylinux_2_27_aarch64.manylinux_2_28_aarch64.whl", hash = "sha256:94f3c4a151a2e529adf49c1d54f0f57ff8f9b233ee4d44af623a81553ab86368", size = 15723499, upload-time = "2026-03-09T07:57:24.693Z" },
    { url = "https://files.pythonhosted.org/packages/66/f1/d1c2bf1161396629701bc284d958dc1efa3a5a542aab83cf11ee6eb4cba5/numpy-2.4.3-cp313-cp313t-manylinux_2_27_x86_64.manylinux_2_28_x86_64.whl", hash = "sha256:22c31dc07025123aedf7f2db9e91783df13f1776dc52c6b22c620870dc0fab22", size = 16657164, upload-time = "2026-03-09T07:57:27.676Z" },
    { url = "https://files.pythonhosted.org/packages/1a/be/cca19230b740af199ac47331a21c71e7a3d0ba59661350483c1600d28c37/numpy-2.4.3-cp313-cp313t-musllinux_1_2_aarch64.whl", hash = "sha256:148d59127ac95979d6f07e4d460f934ebdd6eed641db9c0db6c73026f2b2101a", size = 17081544, upload-time = "2026-03-09T07:57:30.664Z" },
    { url = "https://files.pythonhosted.org/packages/b9/c5/9602b0cbb703a0936fb40f8a95407e8171935b15846de2f0776e08af04c7/numpy-2.4.3-cp313-cp313t-musllinux_1_2_x86_64.whl", hash = "sha256:a97cbf7e905c435865c2d939af3d93f99d18eaaa3cabe4256f4304fb51604349", size = 18380290, upload-time = "2026-03-09T07:57:33.763Z" },
    { url = "https://files.pythonhosted.org/packages/ed/81/9f24708953cd30be9ee36ec4778f4b112b45165812f2ada4cc5ea1c1f254/numpy-2.4.3-cp313-cp313t-win32.whl", hash = "sha256:be3b8487d725a77acccc9924f65fd8bce9af7fac8c9820df1049424a2115af6c", size = 6082814, upload-time = "2026-03-09T07:57:36.491Z" },
    { url = "https://files.pythonhosted.org/packages/e2/9e/52f6eaa13e1a799f0ab79066c17f7016a4a8ae0c1aefa58c82b4dab690b4/numpy-2.4.3-cp313-cp313t-win_amd64.whl", hash = "sha256:1ec84fd7c8e652b0f4aaaf2e6e9cc8eaa9b1b80a537e06b2e3a2fb176eedcb26", size = 12452673, upload-time = "2026-03-09T07:57:38.281Z" },
    { url = "https://files.pythonhosted.org/packages/c4/04/b8cece6ead0b30c9fbd99bb835ad7ea0112ac5f39f069788c5558e3b1ab2/numpy-2.4.3-cp313-cp313t-win_arm64.whl", hash = "sha256:120df8c0a81ebbf5b9020c91439fccd85f5e018a927a39f624845be194a2be02", size = 10290907, upload-time = "2026-03-09T07:57:40.747Z" },
    { url = "https://files.pythonhosted.org/packages/70/ae/3936f79adebf8caf81bd7a599b90a561334a658be4dcc7b6329ebf4ee8de/numpy-2.4.3-cp314-cp314-macosx_10_15_x86_64.whl", hash = "sha256:5884ce5c7acfae1e4e1b6fde43797d10aa506074d25b531b4f54bde33c0c31d4", size = 16664563, upload-time = "2026-03-09T07:57:43.817Z" },
    { url = "https://files.pythonhosted.org/packages/9b/62/760f2b55866b496bb1fa7da2a6db076bef908110e568b02fcfc1422e2a3a/numpy-2.4.3-cp314-cp314-macosx_11_0_arm64.whl", hash = "sha256:297837823f5bc572c5f9379b0c9f3a3365f08492cbdc33bcc3af174372ebb168", size = 14702161, upload-time = "2026-03-09T07:57:46.169Z" },
    { url = "https://files.pythonhosted.org/packages/32/af/a7a39464e2c0a21526fb4fb76e346fb172ebc92f6d1c7a07c2c139cc17b1/numpy-2.4.3-cp314-cp314-macosx_14_0_arm64.whl", hash = "sha256:a111698b4a3f8dcbe54c64a7708f049355abd603e619013c346553c1fd4ca90b", size = 5208738, upload-time = "2026-03-09T07:57:48.506Z" },
    { url = "https://files.pythonhosted.org/packages/29/8c/2a0cf86a59558fa078d83805589c2de490f29ed4fb336c14313a161d358a/numpy-2.4.3-cp314-cp314-macosx_14_0_x86_64.whl", hash = "sha256:4bd4741a6a676770e0e97fe9ab2e51de01183df3dcbcec591d26d331a40de950", size = 6543618, upload-time = "2026-03-09T07:57:50.591Z" },
    { url = "https://files.pythonhosted.org/packages/aa/b8/612ce010c0728b1c363fa4ea3aa4c22fe1c5da1de008486f8c2f5cb92fae/numpy-2.4.3-cp314-cp314-manylinux_2_27_aarch64.manylinux_2_28_aarch64.whl", hash = "sha256:54f29b877279d51e210e0c80709ee14ccbbad647810e8f3d375561c45ef613dd", size = 15680676, upload-time = "2026-03-09T07:57:52.34Z" },
    { url = "https://files.pythonhosted.org/packages/a9/7e/4f120ecc54ba26ddf3dc348eeb9eb063f421de65c05fc961941798feea18/numpy-2.4.3-cp314-cp314-manylinux_2_27_x86_64.manylinux_2_28_x86_64.whl", hash = "sha256:679f2a834bae9020f81534671c56fd0cc76dd7e5182f57131478e23d0dc59e24", size = 16613492, upload-time = "2026-03-09T07:57:54.91Z" },
    { url = "https://files.pythonhosted.org/packages/2c/86/1b6020db73be330c4b45d5c6ee4295d59cfeef0e3ea323959d053e5a6909/numpy-2.4.3-cp314-cp314-musllinux_1_2_aarch64.whl", hash = "sha256:d84f0f881cb2225c2dfd7f78a10a5645d487a496c6668d6cc39f0f114164f3d0", size = 17031789, upload-time = "2026-03-09T07:57:57.641Z" },
    { url = "https://files.pythonhosted.org/packages/07/3a/3b90463bf41ebc21d1b7e06079f03070334374208c0f9a1f05e4ae8455e7/numpy-2.4.3-cp314-cp314-musllinux_1_2_x86_64.whl", hash = "sha256:d213c7e6e8d211888cc359bab7199670a00f5b82c0978b9d1c75baf1eddbeac0", size = 18339941, upload-time = "2026-03-09T07:58:00.577Z" },
    { url = "https://files.pythonhosted.org/packages/a8/74/6d736c4cd962259fd8bae9be27363eb4883a2f9069763747347544c2a487/numpy-2.4.3-cp314-cp314-win32.whl", hash = "sha256:52077feedeff7c76ed7c9f1a0428558e50825347b7545bbb8523da2cd55c547a", size = 6007503, upload-time = "2026-03-09T07:58:03.331Z" },
    { url = "https://files.pythonhosted.org/packages/48/39/c56ef87af669364356bb011922ef0734fc49dad51964568634c72a009488/numpy-2.4.3-cp314-cp314-win_amd64.whl", hash = "sha256:0448e7f9caefb34b4b7dd2b77f21e8906e5d6f0365ad525f9f4f530b13df2afc", size = 12444915, upload-time = "2026-03-09T07:58:06.353Z" },
    { url = "https://files.pythonhosted.org/packages/9d/1f/ab8528e38d295fd349310807496fabb7cf9fe2e1f70b97bc20a483ea9d4a/numpy-2.4.3-cp314-cp314-win_arm64.whl", hash = "sha256:b44fd60341c4d9783039598efadd03617fa28d041fc37d22b62d08f2027fa0e7", size = 10494875, upload-time = "2026-03-09T07:58:08.734Z" },
    { url = "https://files.pythonhosted.org/packages/e6/ef/b7c35e4d5ef141b836658ab21a66d1a573e15b335b1d111d31f26c8ef80f/numpy-2.4.3-cp314-cp314t-macosx_11_0_arm64.whl", hash = "sha256:0a195f4216be9305a73c0e91c9b026a35f2161237cf1c6de9b681637772ea657", size = 14822225, upload-time = "2026-03-09T07:58:11.034Z" },
    { url = "https://files.pythonhosted.org/packages/cd/8d/7730fa9278cf6648639946cc816e7cc89f0d891602584697923375f801ed/numpy-2.4.3-cp314-cp314t-macosx_14_0_arm64.whl", hash = "sha256:cd32fbacb9fd1bf041bf8e89e4576b6f00b895f06d00914820ae06a616bdfef7", size = 5328769, upload-time = "2026-03-09T07:58:13.67Z" },
    { url = "https://files.pythonhosted.org/packages/47/01/d2a137317c958b074d338807c1b6a383406cdf8b8e53b075d804cc3d211d/numpy-2.4.3-cp314-cp314t-macosx_14_0_x86_64.whl", hash = "sha256:2e03c05abaee1f672e9d67bc858f300b5ccba1c21397211e8d77d98350972093", size = 6649461, upload-time = "2026-03-09T07:58:15.912Z" },
    { url = "https://files.pythonhosted.org/packages/5c/34/812ce12bc0f00272a4b0ec0d713cd237cb390666eb6206323d1cc9cedbb2/numpy-2.4.3-cp314-cp314t-manylinux_2_27_aarch64.manylinux_2_28_aarch64.whl", hash = "sha256:7d1ce23cce91fcea443320a9d0ece9b9305d4368875bab09538f7a5b4131938a", size = 15725809, upload-time = "2026-03-09T07:58:17.787Z" },
    { url = "https://files.pythonhosted.org/packages/25/c0/2aed473a4823e905e765fee3dc2cbf504bd3e68ccb1150fbdabd5c39f527/numpy-2.4.3-cp314-cp314t-manylinux_2_27_x86_64.manylinux_2_28_x86_64.whl", hash = "sha256:c59020932feb24ed49ffd03704fbab89f22aa9c0d4b180ff45542fe8918f5611", size = 16655242, upload-time = "2026-03-09T07:58:20.476Z" },
    { url = "https://files.pythonhosted.org/packages/f2/c8/7e052b2fc87aa0e86de23f20e2c42bd261c624748aa8efd2c78f7bb8d8c6/numpy-2.4.3-cp314-cp314t-musllinux_1_2_aarch64.whl", hash = "sha256:9684823a78a6cd6ad7511fc5e25b07947d1d5b5e2812c93fe99d7d4195130720", size = 17080660, upload-time = "2026-03-09T07:58:23.067Z" },
    { url = "https://files.pythonhosted.org/packages/f3/3d/0876746044db2adcb11549f214d104f2e1be00f07a67edbb4e2812094847/numpy-2.4.3-cp314-cp314t-musllinux_1_2_x86_64.whl", hash = "sha256:0200b25c687033316fb39f0ff4e3e690e8957a2c3c8d22499891ec58c37a3eb5", size = 18380384, upload-time = "2026-03-09T07:58:25.839Z" },
    { url = "https://files.pythonhosted.org/packages/07/12/8160bea39da3335737b10308df4f484235fd297f556745f13092aa039d3b/numpy-2.4.3-cp314-cp314t-win32.whl", hash = "sha256:5e10da9e93247e554bb1d22f8edc51847ddd7dde52d85ce31024c1b4312bfba0", size = 6154547, upload-time = "2026-03-09T07:58:28.289Z" },
    { url = "https://files.pythonhosted.org/packages/42/f3/76534f61f80d74cc9cdf2e570d3d4eeb92c2280a27c39b0aaf471eda7b48/numpy-2.4.3-cp314-cp314t-win_amd64.whl", hash = "sha256:45f003dbdffb997a03da2d1d0cb41fbd24a87507fb41605c0420a3db5bd4667b", size = 12633645, upload-time = "2026-03-09T07:58:30.384Z" },
    { url = "https://files.pythonhosted.org/packages/1f/b6/7c0d4334c15983cec7f92a69e8ce9b1e6f31857e5ee3a413ac424e6bd63d/numpy-2.4.3-cp314-cp314t-win_arm64.whl", hash = "sha256:4d382735cecd7bcf090172489a525cd7d4087bc331f7df9f60ddc9a296cf208e", size = 10565454, upload-time = "2026-03-09T07:58:33.031Z" },
    { url = "https://files.pythonhosted.org/packages/64/e4/4dab9fb43c83719c29241c535d9e07be73bea4bc0c6686c5816d8e1b6689/numpy-2.4.3-pp311-pypy311_pp73-macosx_10_15_x86_64.whl", hash = "sha256:c6b124bfcafb9e8d3ed09130dbee44848c20b3e758b6bbf006e641778927c028", size = 16834892, upload-time = "2026-03-09T07:58:35.334Z" },
    { url = "https://files.pythonhosted.org/packages/c9/29/f8b6d4af90fed3dfda84ebc0df06c9833d38880c79ce954e5b661758aa31/numpy-2.4.3-pp311-pypy311_pp73-macosx_11_0_arm64.whl", hash = "sha256:76dbb9d4e43c16cf9aa711fcd8de1e2eeb27539dcefb60a1d5e9f12fae1d1ed8", size = 14893070, upload-time = "2026-03-09T07:58:37.7Z" },
    { url = "https://files.pythonhosted.org/packages/9a/04/a19b3c91dbec0a49269407f15d5753673a09832daed40c45e8150e6fa558/numpy-2.4.3-pp311-pypy311_pp73-macosx_14_0_arm64.whl", hash = "sha256:29363fbfa6f8ee855d7569c96ce524845e3d726d6c19b29eceec7dd555dab152", size = 5399609, upload-time = "2026-03-09T07:58:39.853Z" },
    { url = "https://files.pythonhosted.org/packages/79/34/4d73603f5420eab89ea8a67097b31364bf7c30f811d4dd84b1659c7476d9/numpy-2.4.3-pp311-pypy311_pp73-macosx_14_0_x86_64.whl", hash = "sha256:bc71942c789ef415a37f0d4eab90341425a00d538cd0642445d30b41023d3395", size = 6714355, upload-time = "2026-03-09T07:58:42.365Z" },
    { url = "https://files.pythonhosted.org/packages/58/ad/1100d7229bb248394939a12a8074d485b655e8ed44207d328fdd7fcebc7b/numpy-2.4.3-pp311-pypy311_pp73-manylinux_2_27_aarch64.manylinux_2_28_aarch64.whl", hash = "sha256:7e58765ad74dcebd3ef0208a5078fba32dc8ec3578fe84a604432950cd043d79", size = 15800434, upload-time = "2026-03-09T07:58:44.837Z" },
    { url = "https://files.pythonhosted.org/packages/0c/fd/16d710c085d28ba4feaf29ac60c936c9d662e390344f94a6beaa2ac9899b/numpy-2.4.3-pp311-pypy311_pp73-manylinux_2_27_x86_64.manylinux_2_28_x86_64.whl", hash = "sha256:8e236dbda4e1d319d681afcbb136c0c4a8e0f1a5c58ceec2adebb547357fe857", size = 16729409, upload-time = "2026-03-09T07:58:47.972Z" },
    { url = "https://files.pythonhosted.org/packages/57/a7/b35835e278c18b85206834b3aa3abe68e77a98769c59233d1f6300284781/numpy-2.4.3-pp311-pypy311_pp73-win_amd64.whl", hash = "sha256:4b42639cdde6d24e732ff823a3fa5b701d8acad89c4142bc1d0bd6dc85200ba5", size = 12504685, upload-time = "2026-03-09T07:58:50.525Z" },
]

[[package]]
name = "pycocotools"
version = "2.0.11"
source = { registry = "https://pypi.org/simple" }
dependencies = [
    { name = "numpy" },
]
sdist = { url = "https://files.pythonhosted.org/packages/a2/df/32354b5dda963ffdfc8f75c9acf8828ef7890723a4ed57bb3ff2dc1d6f7e/pycocotools-2.0.11.tar.gz", hash = "sha256:34254d76da85576fcaf5c1f3aa9aae16b8cb15418334ba4283b800796bd1993d", size = 25381, upload-time = "2025-12-15T22:31:46.148Z" }
wheels = [
    { url = "https://files.pythonhosted.org/packages/b3/3f/41ce3fce61b7721158f21b61727eb054805babc0088cfa48506935b80a36/pycocotools-2.0.11-cp311-cp311-macosx_10_9_universal2.whl", hash = "sha256:81bdceebb4c64e9265213e2d733808a12f9c18dfb14457323cc6b9af07fa0e61", size = 158947, upload-time = "2025-12-15T22:31:03.291Z" },
    { url = "https://files.pythonhosted.org/packages/e2/9b/a739705b246445bd1376394bf9d1ec2dd292b16740e92f203461b2bb12ed/pycocotools-2.0.11-cp311-cp311-manylinux2014_aarch64.manylinux_2_17_aarch64.manylinux_2_28_aarch64.whl", hash = "sha256:a1c05f91ccc658dfe01325267209c4b435da1722c93eeb5749fabc1d087b6882", size = 485174, upload-time = "2025-12-15T22:31:04.395Z" },
    { url = "https://files.pythonhosted.org/packages/34/70/7a12752784e57d8034a76c245c618a2f88a9d2463862b990f314aea7e5d6/pycocotools-2.0.11-cp311-cp311-manylinux2014_x86_64.manylinux_2_17_x86_64.manylinux_2_28_x86_64.whl", hash = "sha256:18ba75ff58cedb33a85ce2c18f1452f1fe20c9dd59925eec5300b2bf6205dbe1", size = 493172, upload-time = "2025-12-15T22:31:05.504Z" },
    { url = "https://files.pythonhosted.org/packages/5c/fc/d703599ac728209dba08aea8d4bee884d5adabfcd9041abed1658d863747/pycocotools-2.0.11-cp311-cp311-musllinux_1_2_aarch64.whl", hash = "sha256:693417797f0377fd094eb815c0a1e7d1c3c0251b71e3b3779fce3b3cf24793c5", size = 480506, upload-time = "2025-12-15T22:31:06.77Z" },
    { url = "https://files.pythonhosted.org/packages/81/d9/e1cfc320bbb2cd58c3b4398c3821cbe75d93c16ed3135ac9e774a18a02d3/pycocotools-2.0.11-cp311-cp311-musllinux_1_2_x86_64.whl", hash = "sha256:b6a07071c441d0f5e480a8f287106191582e40289d4e242dfe684e0c8a751088", size = 497595, upload-time = "2025-12-15T22:31:08.277Z" },
    { url = "https://files.pythonhosted.org/packages/a2/23/d17f6111c2a6ae8631d4fa90202bea05844da715d61431fbc34d276462d5/pycocotools-2.0.11-cp311-cp311-win_amd64.whl", hash = "sha256:8e159232adae3aef6b4e2d37b008bff107b26e9ed3b48e70ea6482302834bd34", size = 80519, upload-time = "2025-12-15T22:31:09.613Z" },
    { url = "https://files.pythonhosted.org/packages/00/4c/76b00b31a724c3f5ccdab0f85e578afb2ca38d33be0a0e98f1770cafd958/pycocotools-2.0.11-cp311-cp311-win_arm64.whl", hash = "sha256:4fc9889e819452b9c142036e1eabac8a13a8bd552d8beba299a57e0da6bfa1ec", size = 69304, upload-time = "2025-12-15T22:31:10.592Z" },
    { url = "https://files.pythonhosted.org/packages/87/12/2f2292332456e4e4aba1dec0e3de8f1fc40fb2f4fdb0ca1cb17db9861682/pycocotools-2.0.11-cp312-abi3-macosx_10_13_universal2.whl", hash = "sha256:a2e9634bc7cadfb01c88e0b98589aaf0bd12983c7927bde93f19c0103e5441f4", size = 147795, upload-time = "2025-12-15T22:31:11.519Z" },
    { url = "https://files.pythonhosted.org/packages/63/3c/68d7ea376aada9046e7ea2d7d0dad0d27e1ae8b4b3c26a28346689390ab2/pycocotools-2.0.11-cp312-abi3-manylinux2014_aarch64.manylinux_2_17_aarch64.manylinux_2_28_aarch64.whl", hash = "sha256:7fd4121766cc057133534679c0ec3f9023dbd96e9b31cf95c86a069ebdac2b65", size = 398434, upload-time = "2025-12-15T22:31:12.558Z" },
    { url = "https://files.pythonhosted.org/packages/23/59/dc81895beff4e1207a829d40d442ea87cefaac9f6499151965f05c479619/pycocotools-2.0.11-cp312-abi3-manylinux2014_x86_64.manylinux_2_17_x86_64.manylinux_2_28_x86_64.whl", hash = "sha256:a82d1c9ed83f75da0b3f244f2a3cf559351a283307bd9b79a4ee2b93ab3231dd", size = 411685, upload-time = "2025-12-15T22:31:13.995Z" },
    { url = "https://files.pythonhosted.org/packages/0b/0b/5a8a7de300862a2eb5e2ecd3cb015126231379206cd3ebba8f025388d770/pycocotools-2.0.11-cp312-abi3-musllinux_1_2_aarch64.whl", hash = "sha256:89e853425018e2c2920ee0f2112cf7c140a1dcf5f4f49abd9c2da112c3e0f4b3", size = 390500, upload-time = "2025-12-15T22:31:15.138Z" },
    { url = "https://files.pythonhosted.org/packages/63/b5/519bb68647f06feea03d5f355c33c05800aeae4e57b9482b2859eb00752e/pycocotools-2.0.11-cp312-abi3-musllinux_1_2_x86_64.whl", hash = "sha256:87af87b8d06d5b852a885a319d9362dca3bed9f8bbcc3feb6513acb1f88ea242", size = 409790, upload-time = "2025-12-15T22:31:16.326Z" },
    { url = "https://files.pythonhosted.org/packages/83/b4/f6708404ff494706b80e714b919f76dc4ec9845a4007affd6d6b0843f928/pycocotools-2.0.11-cp312-abi3-win_amd64.whl", hash = "sha256:ffe806ce535f5996445188f9a35643791dc54beabc61bd81e2b03367356d604f", size = 77570, upload-time = "2025-12-15T22:31:17.703Z" },
    { url = "https://files.pythonhosted.org/packages/6e/63/778cd0ddc9d4a78915ac0a72b56d7fb204f7c3fabdad067d67ea0089762e/pycocotools-2.0.11-cp312-abi3-win_arm64.whl", hash = "sha256:c230f5e7b14bd19085217b4f40bba81bf14a182b150b8e9fab1c15d504ade343", size = 64564, upload-time = "2025-12-15T22:31:18.652Z" },
    { url = "https://files.pythonhosted.org/packages/5d/78/31c81e99d596a20c137d8a2e7a25f39a88f88fada5e0b253fce7323ecf0d/pycocotools-2.0.11-cp313-cp313t-macosx_10_13_universal2.whl", hash = "sha256:fd72b9734e6084b217c1fc3945bfd4ec05bdc75a44e4f0c461a91442bb804973", size = 168931, upload-time = "2025-12-15T22:31:19.845Z" },
    { url = "https://files.pythonhosted.org/packages/5f/63/fdd488e4cd0fdc6f93134f2cd68b1fce441d41566e86236bf6156961ef9b/pycocotools-2.0.11-cp313-cp313t-manylinux2014_aarch64.manylinux_2_17_aarch64.manylinux_2_28_aarch64.whl", hash = "sha256:f7eb43b79448476b094240450420b7425d06e297880144b8ea6f01e9b4340e43", size = 484856, upload-time = "2025-12-15T22:31:21.231Z" },
    { url = "https://files.pythonhosted.org/packages/a1/fc/c83648a8fb7ea3b8e2ce2e761b469807e6cadb81577bf1af31c4f2ef0d87/pycocotools-2.0.11-cp313-cp313t-manylinux2014_x86_64.manylinux_2_17_x86_64.manylinux_2_28_x86_64.whl", hash = "sha256:c3546b93b39943347c4f5b0694b5824105cbe2174098a416bcad4acd9c21e957", size = 480994, upload-time = "2025-12-15T22:31:22.426Z" },
    { url = "https://files.pythonhosted.org/packages/b6/2d/35e1122c0d007288aa9545be9549cbc7a4987b2c22f21d75045260a8b5b8/pycocotools-2.0.11-cp313-cp313t-musllinux_1_2_aarch64.whl", hash = "sha256:efd1694b2075f2f10c5828f10f6e6c4e44368841fd07dae385c3aa015c8e25f9", size = 467956, upload-time = "2025-12-15T22:31:23.754Z" },
    { url = "https://files.pythonhosted.org/packages/e4/ff/30cfe8142470da3e45abe43a9842449ca0180d993320559890e2be19e4a5/pycocotools-2.0.11-cp313-cp313t-musllinux_1_2_x86_64.whl", hash = "sha256:368244f30eb8d6cae7003aa2c0831fbdf0153664a32859ec7fbceea52bfb6878", size = 474658, upload-time = "2025-12-15T22:31:24.883Z" },
    { url = "https://files.pythonhosted.org/packages/bc/62/254ca92604106c7a5af3258e589e465e681fe0166f9b10f97d8ca70934d6/pycocotools-2.0.11-cp313-cp313t-win_amd64.whl", hash = "sha256:ac8aa17263e6489aa521f9fa91e959dfe0ea3a5519fde2cbf547312cdce7559e", size = 89681, upload-time = "2025-12-15T22:31:26.025Z" },
    { url = "https://files.pythonhosted.org/packages/6e/f0/c019314dc122ad5e6281de420adc105abe9b59d00008f72ef3ad32b1e328/pycocotools-2.0.11-cp313-cp313t-win_arm64.whl", hash = "sha256:04480330df5013f6edd94891a0ee8294274185f1b5093d1b0f23d51778f0c0e9", size = 70520, upload-time = "2025-12-15T22:31:26.999Z" },
    { url = "https://files.pythonhosted.org/packages/66/2b/58b35c88f2086c043ff1c87bd8e7bf36f94e84f7b01a5e00b6f5fabb92a7/pycocotools-2.0.11-cp314-cp314t-macosx_10_13_universal2.whl", hash = "sha256:a6b13baf6bfcf881b6d6ac6e23c776f87a68304cd86e53d1d6b9afa31e363c4e", size = 169883, upload-time = "2025-12-15T22:31:28.233Z" },
    { url = "https://files.pythonhosted.org/packages/24/c0/b970eefb78746c8b4f8b3fa1b49d9f3ec4c5429ef3c5d4bbcc55abebe478/pycocotools-2.0.11-cp314-cp314t-manylinux2014_aarch64.manylinux_2_17_aarch64.manylinux_2_28_aarch64.whl", hash = "sha256:78bae4a9de9d34c4759754a848dfb3306f9ef1c2fcb12164ffbd3d013d008321", size = 486894, upload-time = "2025-12-15T22:31:29.283Z" },
    { url = "https://files.pythonhosted.org/packages/5b/f7/db7436820a1948d96fa9764b6026103e808840979be01246049f2c1e7f94/pycocotools-2.0.11-cp314-cp314t-manylinux2014_x86_64.manylinux_2_17_x86_64.manylinux_2_28_x86_64.whl", hash = "sha256:83d896f4310379849dfcfa7893afb0ff21f4f3cdb04ab3f61b05dd98953dd0ad", size = 483249, upload-time = "2025-12-15T22:31:31.687Z" },
    { url = "https://files.pythonhosted.org/packages/1e/a6/a14a12c9f50c41998fdc0d31fd3755bcbce124bac9abb1d6b99d1853cafd/pycocotools-2.0.11-cp314-cp314t-musllinux_1_2_aarch64.whl", hash = "sha256:eebd723503a2eb2c8b285f56ea3be1d9f3875cd7c40d945358a428db94f14015", size = 469070, upload-time = "2025-12-15T22:31:32.821Z" },
    { url = "https://files.pythonhosted.org/packages/46/de/aa4f65ece3da8e89310a1be00cad0700170fd13f41a3aaae2712291269d5/pycocotools-2.0.11-cp314-cp314t-musllinux_1_2_x86_64.whl", hash = "sha256:bd7a1e19ef56a828a94bace673372071d334a9232cd32ae3cd48845a04d45c4f", size = 475589, upload-time = "2025-12-15T22:31:34.188Z" },
    { url = "https://files.pythonhosted.org/packages/44/6f/04a30df03ae6236b369b361df0c50531d173d03678978806aa2182e02d1e/pycocotools-2.0.11-cp314-cp314t-win_amd64.whl", hash = "sha256:63026e11a56211058d0e84e8263f74cbccd5e786fac18d83fd221ecb9819fcc7", size = 93863, upload-time = "2025-12-15T22:31:35.38Z" },
    { url = "https://files.pythonhosted.org/packages/da/05/8942b640d6307a21c3ede188e8c56f07bedf246fac0e501437dbda72a350/pycocotools-2.0.11-cp314-cp314t-win_arm64.whl", hash = "sha256:8cedb8ccb97ffe9ed2c8c259234fa69f4f1e8665afe3a02caf93f6ef2952c07f", size = 72038, upload-time = "2025-12-15T22:31:36.768Z" },
]
